{
  "name": "vr-voxel",
  "version": "1.0.0",
  "lockfileVersion": 1,
  "requires": true,
  "dependencies": {
    "@types/three": {
      "version": "0.84.21",
      "resolved": "https://registry.npmjs.org/@types/three/-/three-0.84.21.tgz",
      "integrity": "sha512-OFL0GiIl1fxEZyAaqWH5/QZo3Of2EpMwYzkTY1izXEk0x+p3GxDZmTLUYHRBwJzHO88Ptb4WZoJWpJrMKaAjSg==",
      "dev": true,
      "requires": {
        "@types/webvr-api": "0.0.31"
      }
    },
    "@types/webvr-api": {
      "version": "0.0.31",
      "resolved": "https://registry.npmjs.org/@types/webvr-api/-/webvr-api-0.0.31.tgz",
      "integrity": "sha1-9gYf6IoDXTSotqDFX4dYkB7IoI4=",
      "dev": true
    }
  }
}
